
Microsoft Visual Studio Solution File, Format Version 12.00
# Visual Studio Version 16
VisualStudioVersion = 16.0.31005.135
MinimumVisualStudioVersion = 10.0.40219.1
Project("{FAE04EC0-301F-11D3-BF4B-00C04F79EFBC}") = "todo_progr_backend", "todo_progr_backend\todo_progr_backend.csproj", "{5A39F998-37C9-4C0B-8249-9E128393CB7C}"
EndProject
Global
	GlobalSection(SolutionConfigurationPlatforms) = preSolution
		Debug|Any CPU = Debug|Any CPU
		Release|Any CPU = Release|Any CPU
	EndGlobalSection
	GlobalSection(ProjectConfigurationPlatforms) = postSolution
		{5A39F998-37C9-4C0B-8249-9E128393CB7C}.Debug|Any CPU.ActiveCfg = Debug|Any CPU
		{5A39F998-37C9-4C0B-8249-9E128393CB7C}.Debug|Any CPU.Build.0 = Debug|Any CPU
		{5A39F998-37C9-4C0B-8249-9E128393CB7C}.Release|Any CPU.ActiveCfg = Release|Any CPU
		{5A39F998-37C9-4C0B-8249-9E128393CB7C}.Release|Any CPU.Build.0 = Release|Any CPU
	EndGlobalSection
	GlobalSection(SolutionProperties) = preSolution
		HideSolutionNode = FALSE
	EndGlobalSection
	GlobalSection(ExtensibilityGlobals) = postSolution
		SolutionGuid = {B6BB6EF7-5128-4FBC-8832-C7894ED6055F}
	EndGlobalSection
EndGlobal
